Microsoft Visual Studio Solution File, Format Version 11.00
# Visual Studio 2008

Project("{5663F4D8-EFD0-59FB-0CEA-D19034E227B1}") = "foerderband", "Assembly-CSharp.csproj", "{6ABB77F1-D895-9DCC-8D02-74793F62FACF}"
EndProject
Global
	GlobalSection(SolutionConfigurationPlatforms) = preSolution
		Debug|Any CPU = Debug|Any CPU
		Release|Any CPU = Release|Any CPU
	EndGlobalSection
	GlobalSection(ProjectConfigurationPlatforms) = postSolution
		{6ABB77F1-D895-9DCC-8D02-74793F62FACF}.Debug|Any CPU.ActiveCfg = Debug|Any CPU
		{6ABB77F1-D895-9DCC-8D02-74793F62FACF}.Debug|Any CPU.Build.0 = Debug|Any CPU
		{6ABB77F1-D895-9DCC-8D02-74793F62FACF}.Release|Any CPU.ActiveCfg = Release|Any CPU
		{6ABB77F1-D895-9DCC-8D02-74793F62FACF}.Release|Any CPU.Build.0 = Release|Any CPU
	EndGlobalSection
	GlobalSection(SolutionProperties) = preSolution
		HideSolutionNode = FALSE
	EndGlobalSection
	GlobalSection(MonoDevelopProperties) = preSolution
		StartupItem = Assembly-CSharp.csproj
	EndGlobalSection
EndGlobal
